// !$*UTF8*$!
{
	archiveVersion = 1;
	classes = {
	};
	objectVersion = 55;
	objects = {

/* Begin PBXBuildFile section */
		927DCEA82788908300BF5799 /* CustomUIElements.swift in Sources */ = {isa = PBXBuildFile; fileRef = 927DCEA72788908300BF5799 /* CustomUIElements.swift */; };
		929668DD282CAADF006B7D10 /* ResultViewModel.swift in Sources */ = {isa = PBXBuildFile; fileRef = 929668DC282CAADF006B7D10 /* ResultViewModel.swift */; };
		92A294892783543200FFFED1 /* ResultViewController.swift in Sources */ = {isa = PBXBuildFile; fileRef = 92A294882783543200FFFED1 /* ResultViewController.swift */; };
		92AC0D24276CF2BB00B03551 /* StartViewController.swift in Sources */ = {isa = PBXBuildFile; fileRef = 92AC0D23276CF2BB00B03551 /* StartViewController.swift */; };
		92C1487E27A30BC700F00731 /* InstructionViewController.swift in Sources */ = {isa = PBXBuildFile; fileRef = 92C1487D27A30BC700F00731 /* InstructionViewController.swift */; };
		92C733D02750038100A566D1 /* AppDelegate.swift in Sources */ = {isa = PBXBuildFile; fileRef = 92C733CF2750038100A566D1 /* AppDelegate.swift */; };
		92C733D42750038100A566D1 /* UserInfoViewController.swift in Sources */ = {isa = PBXBuildFile; fileRef = 92C733D32750038100A566D1 /* UserInfoViewController.swift */; };
		92C733DA2750038100A566D1 /* Human_Body_Composition.xcdatamodeld in Sources */ = {isa = PBXBuildFile; fileRef = 92C733D82750038100A566D1 /* Human_Body_Composition.xcdatamodeld */; };
		92C733DC2750038400A566D1 /* Assets.xcassets in Resources */ = {isa = PBXBuildFile; fileRef = 92C733DB2750038400A566D1 /* Assets.xcassets */; };
		92C733DF2750038400A566D1 /* LaunchScreen.storyboard in Resources */ = {isa = PBXBuildFile; fileRef = 92C733DD2750038400A566D1 /* LaunchScreen.storyboard */; };
		92C733E92750848C00A566D1 /* User.swift in Sources */ = {isa = PBXBuildFile; fileRef = 92C733E82750848C00A566D1 /* User.swift */; };
/* End PBXBuildFile section */

/* Begin PBXFileReference section */
		927DCEA72788908300BF5799 /* CustomUIElements.swift */ = {isa = PBXFileReference; lastKnownFileType = sourcecode.swift; path = CustomUIElements.swift; sourceTree = "<group>"; };
		929668DC282CAADF006B7D10 /* ResultViewModel.swift */ = {isa = PBXFileReference; lastKnownFileType = sourcecode.swift; path = ResultViewModel.swift; sourceTree = "<group>"; };
		92A294882783543200FFFED1 /* ResultViewController.swift */ = {isa = PBXFileReference; lastKnownFileType = sourcecode.swift; path = ResultViewController.swift; sourceTree = "<group>"; };
		92AC0D23276CF2BB00B03551 /* StartViewController.swift */ = {isa = PBXFileReference; lastKnownFileType = sourcecode.swift; path = StartViewController.swift; sourceTree = "<group>"; };
		92C1487D27A30BC700F00731 /* InstructionViewController.swift */ = {isa = PBXFileReference; lastKnownFileType = sourcecode.swift; path = InstructionViewController.swift; sourceTree = "<group>"; };
		92C733CC2750038100A566D1 /* Human Body Composition.app */ = {isa = PBXFileReference; explicitFileType = wrapper.application; includeInIndex = 0; path = "Human Body Composition.app"; sourceTree = BUILT_PRODUCTS_DIR; };
		92C733CF2750038100A566D1 /* AppDelegate.swift */ = {isa = PBXFileReference; lastKnownFileType = sourcecode.swift; path = AppDelegate.swift; sourceTree = "<group>"; };
		92C733D32750038100A566D1 /* UserInfoViewController.swift */ = {isa = PBXFileReference; lastKnownFileType = sourcecode.swift; path = UserInfoViewController.swift; sourceTree = "<group>"; };
		92C733D92750038100A566D1 /* Human_Body_Composition.xcdatamodel */ = {isa = PBXFileReference; lastKnownFileType = wrapper.xcdatamodel; path = Human_Body_Composition.xcdatamodel; sourceTree = "<group>"; };
		92C733DB2750038400A566D1 /* Assets.xcassets */ = {isa = PBXFileReference; lastKnownFileType = folder.assetcatalog; path = Assets.xcassets; sourceTree = "<group>"; };
		92C733DE2750038400A566D1 /* Base */ = {isa = PBXFileReference; lastKnownFileType = file.storyboard; name = Base; path = Base.lproj/LaunchScreen.storyboard; sourceTree = "<group>"; };
		92C733E02750038400A566D1 /* Info.plist */ = {isa = PBXFileReference; lastKnownFileType = text.plist.xml; path = Info.plist; sourceTree = "<group>"; };
		92C733E82750848C00A566D1 /* User.swift */ = {isa = PBXFileReference; lastKnownFileType = sourcecode.swift; path = User.swift; sourceTree = "<group>"; };
/* End PBXFileReference section */

/* Begin PBXFrameworksBuildPhase section */
		92C733C92750038100A566D1 /* Frameworks */ = {
			isa = PBXFrameworksBuildPhase;
			buildActionMask = 2147483647;
			files = (
			);
			runOnlyForDeploymentPostprocessing = 0;
		};
/* End PBXFrameworksBuildPhase section */

/* Begin PBXGroup section */
		929668DE282CAB38006B7D10 /* Protocols */ = {
			isa = PBXGroup;
			children = (
				929668DC282CAADF006B7D10 /* ResultViewModel.swift */,
			);
			path = Protocols;
			sourceTree = "<group>";
		};
		92C733C32750038100A566D1 = {
			isa = PBXGroup;
			children = (
				92C733CE2750038100A566D1 /* Human Body Composition */,
				92C733CD2750038100A566D1 /* Products */,
			);
			sourceTree = "<group>";
		};
		92C733CD2750038100A566D1 /* Products */ = {
			isa = PBXGroup;
			children = (
				92C733CC2750038100A566D1 /* Human Body Composition.app */,
			);
			name = Products;
			sourceTree = "<group>";
		};
		92C733CE2750038100A566D1 /* Human Body Composition */ = {
			isa = PBXGroup;
			children = (
				929668DE282CAB38006B7D10 /* Protocols */,
				92C733E62750105000A566D1 /* App */,
				92C733E72750845D00A566D1 /* ViewControllers */,
				92C733EC27508D9400A566D1 /* Sourses */,
				92C733EB27508D7900A566D1 /* CoreData */,
				92C733EA2750849D00A566D1 /* Models */,
			);
			path = "Human Body Composition";
			sourceTree = "<group>";
		};
		92C733E62750105000A566D1 /* App */ = {
			isa = PBXGroup;
			children = (
				92C733E02750038400A566D1 /* Info.plist */,
				92C733DD2750038400A566D1 /* LaunchScreen.storyboard */,
				92C733CF2750038100A566D1 /* AppDelegate.swift */,
			);
			path = App;
			sourceTree = "<group>";
		};
		92C733E72750845D00A566D1 /* ViewControllers */ = {
			isa = PBXGroup;
			children = (
				92C733D32750038100A566D1 /* UserInfoViewController.swift */,
				92AC0D23276CF2BB00B03551 /* StartViewController.swift */,
				92A294882783543200FFFED1 /* ResultViewController.swift */,
				92C1487D27A30BC700F00731 /* InstructionViewController.swift */,
			);
			path = ViewControllers;
			sourceTree = "<group>";
		};
		92C733EA2750849D00A566D1 /* Models */ = {
			isa = PBXGroup;
			children = (
				92C733E82750848C00A566D1 /* User.swift */,
			);
			path = Models;
			sourceTree = "<group>";
		};
		92C733EB27508D7900A566D1 /* CoreData */ = {
			isa = PBXGroup;
			children = (
				92C733D82750038100A566D1 /* Human_Body_Composition.xcdatamodeld */,
			);
			path = CoreData;
			sourceTree = "<group>";
		};
		92C733EC27508D9400A566D1 /* Sourses */ = {
			isa = PBXGroup;
			children = (
				92C733DB2750038400A566D1 /* Assets.xcassets */,
				927DCEA72788908300BF5799 /* CustomUIElements.swift */,
			);
			path = Sourses;
			sourceTree = "<group>";
		};
/* End PBXGroup section */

/* Begin PBXNativeTarget section */
		92C733CB2750038100A566D1 /* Human Body Composition */ = {
			isa = PBXNativeTarget;
			buildConfigurationList = 92C733E32750038400A566D1 /* Build configuration list for PBXNativeTarget "Human Body Composition" */;
			buildPhases = (
				92C733C82750038100A566D1 /* Sources */,
				92C733C92750038100A566D1 /* Frameworks */,
				92C733CA2750038100A566D1 /* Resources */,
			);
			buildRules = (
			);
			dependencies = (
			);
			name = "Human Body Composition";
			productName = "Human Body Composition";
			productReference = 92C733CC2750038100A566D1 /* Human Body Composition.app */;
			productType = "com.apple.product-type.application";
		};
/* End PBXNativeTarget section */

/* Begin PBXProject section */
		92C733C42750038100A566D1 /* Project object */ = {
			isa = PBXProject;
			attributes = {
				BuildIndependentTargetsInParallel = 1;
				LastSwiftUpdateCheck = 1310;
				LastUpgradeCheck = 1310;
				TargetAttributes = {
					92C733CB2750038100A566D1 = {
						CreatedOnToolsVersion = 13.1;
					};
				};
			};
			buildConfigurationList = 92C733C72750038100A566D1 /* Build configuration list for PBXProject "Human Body Composition" */;
			compatibilityVersion = "Xcode 13.0";
			developmentRegion = en;
			hasScannedForEncodings = 0;
			knownRegions = (
				en,
				Base,
			);
			mainGroup = 92C733C32750038100A566D1;
			productRefGroup = 92C733CD2750038100A566D1 /* Products */;
			projectDirPath = "";
			projectRoot = "";
			targets = (
				92C733CB2750038100A566D1 /* Human Body Composition */,
			);
		};
/* End PBXProject section */

/* Begin PBXResourcesBuildPhase section */
		92C733CA2750038100A566D1 /* Resources */ = {
			isa = PBXResourcesBuildPhase;
			buildActionMask = 2147483647;
			files = (
				92C733DF2750038400A566D1 /* LaunchScreen.storyboard in Resources */,
				92C733DC2750038400A566D1 /* Assets.xcassets in Resources */,
			);
			runOnlyForDeploymentPostprocessing = 0;
		};
/* End PBXResourcesBuildPhase section */

/* Begin PBXSourcesBuildPhase section */
		92C733C82750038100A566D1 /* Sources */ = {
			isa = PBXSourcesBuildPhase;
			buildActionMask = 2147483647;
			files = (
				92AC0D24276CF2BB00B03551 /* StartViewController.swift in Sources */,
				92A294892783543200FFFED1 /* ResultViewController.swift in Sources */,
				92C1487E27A30BC700F00731 /* InstructionViewController.swift in Sources */,
				92C733E92750848C00A566D1 /* User.swift in Sources */,
				92C733DA2750038100A566D1 /* Human_Body_Composition.xcdatamodeld in Sources */,
				92C733D42750038100A566D1 /* UserInfoViewController.swift in Sources */,
				92C733D02750038100A566D1 /* AppDelegate.swift in Sources */,
				927DCEA82788908300BF5799 /* CustomUIElements.swift in Sources */,
				929668DD282CAADF006B7D10 /* ResultViewModel.swift in Sources */,
			);
			runOnlyForDeploymentPostprocessing = 0;
		};
/* End PBXSourcesBuildPhase section */

/* Begin PBXVariantGroup section */
		92C733DD2750038400A566D1 /* LaunchScreen.storyboard */ = {
			isa = PBXVariantGroup;
			children = (
				92C733DE2750038400A566D1 /* Base */,
			);
			name = LaunchScreen.storyboard;
			sourceTree = "<group>";
		};
/* End PBXVariantGroup section */

/* Begin XCBuildConfiguration section */
		92C733E12750038400A566D1 /* Debug */ = {
			isa = XCBuildConfiguration;
			buildSettings = {
				ALWAYS_SEARCH_USER_PATHS = NO;
				CLANG_ANALYZER_NONNULL = YES;
				CLANG_ANALYZER_NUMBER_OBJECT_CONVERSION = YES_AGGRESSIVE;
				CLANG_CXX_LANGUAGE_STANDARD = "gnu++17";
				CLANG_CXX_LIBRARY = "libc++";
				CLANG_ENABLE_MODULES = YES;
				CLANG_ENABLE_OBJC_ARC = YES;
				CLANG_ENABLE_OBJC_WEAK = YES;
				CLANG_WARN_BLOCK_CAPTURE_AUTORELEASING = YES;
				CLANG_WARN_BOOL_CONVERSION = YES;
				CLANG_WARN_COMMA = YES;
				CLANG_WARN_CONSTANT_CONVERSION = YES;
				CLANG_WARN_DEPRECATED_OBJC_IMPLEMENTATIONS = YES;
				CLANG_WARN_DIRECT_OBJC_ISA_USAGE = YES_ERROR;
				CLANG_WARN_DOCUMENTATION_COMMENTS = YES;
				CLANG_WARN_EMPTY_BODY = YES;
				CLANG_WARN_ENUM_CONVERSION = YES;
				CLANG_WARN_INFINITE_RECURSION = YES;
				CLANG_WARN_INT_CONVERSION = YES;
				CLANG_WARN_NON_LITERAL_NULL_CONVERSION = YES;
				CLANG_WARN_OBJC_IMPLICIT_RETAIN_SELF = YES;
				CLANG_WARN_OBJC_LITERAL_CONVERSION = YES;
				CLANG_WARN_OBJC_ROOT_CLASS = YES_ERROR;
				CLANG_WARN_QUOTED_INCLUDE_IN_FRAMEWORK_HEADER = YES;
				CLANG_WARN_RANGE_LOOP_ANALYSIS = YES;
				CLANG_WARN_STRICT_PROTOTYPES = YES;
				CLANG_WARN_SUSPICIOUS_MOVE = YES;
				CLANG_WARN_UNGUARDED_AVAILABILITY = YES_AGGRESSIVE;
				CLANG_WARN_UNREACHABLE_CODE = YES;
				CLANG_WARN__DUPLICATE_METHOD_MATCH = YES;
				COPY_PHASE_STRIP = NO;
				DEBUG_INFORMATION_FORMAT = dwarf;
				ENABLE_STRICT_OBJC_MSGSEND = YES;
				ENABLE_TESTABILITY = YES;
				GCC_C_LANGUAGE_STANDARD = gnu11;
				GCC_DYNAMIC_NO_PIC = NO;
				GCC_NO_COMMON_BLOCKS = YES;
				GCC_OPTIMIZATION_LEVEL = 0;
				GCC_PREPROCESSOR_DEFINITIONS = (
					"DEBUG=1",
					"$(inherited)",
				);
				GCC_WARN_64_TO_32_BIT_CONVERSION = YES;
				GCC_WARN_ABOUT_RETURN_TYPE = YES_ERROR;
				GCC_WARN_UNDECLARED_SELECTOR = YES;
				GCC_WARN_UNINITIALIZED_AUTOS = YES_AGGRESSIVE;
				GCC_WARN_UNUSED_FUNCTION = YES;
				GCC_WARN_UNUSED_VARIABLE = YES;
				IPHONEOS_DEPLOYMENT_TARGET = 15.0;
				MTL_ENABLE_DEBUG_INFO = INCLUDE_SOURCE;
				MTL_FAST_MATH = YES;
				ONLY_ACTIVE_ARCH = YES;
				SDKROOT = iphoneos;
				SWIFT_ACTIVE_COMPILATION_CONDITIONS = DEBUG;
				SWIFT_OPTIMIZATION_LEVEL = "-Onone";
			};
			name = Debug;
		};
		92C733E22750038400A566D1 /* Release */ = {
			isa = XCBuildConfiguration;
			buildSettings = {
				ALWAYS_SEARCH_USER_PATHS = NO;
				CLANG_ANALYZER_NONNULL = YES;
				CLANG_ANALYZER_NUMBER_OBJECT_CONVERSION = YES_AGGRESSIVE;
				CLANG_CXX_LANGUAGE_STANDARD = "gnu++17";
				CLANG_CXX_LIBRARY = "libc++";
				CLANG_ENABLE_MODULES = YES;
				CLANG_ENABLE_OBJC_ARC = YES;
				CLANG_ENABLE_OBJC_WEAK = YES;
				CLANG_WARN_BLOCK_CAPTURE_AUTORELEASING = YES;
				CLANG_WARN_BOOL_CONVERSION = YES;
				CLANG_WARN_COMMA = YES;
				CLANG_WARN_CONSTANT_CONVERSION = YES;
				CLANG_WARN_DEPRECATED_OBJC_IMPLEMENTATIONS = YES;
				CLANG_WARN_DIRECT_OBJC_ISA_USAGE = YES_ERROR;
				CLANG_WARN_DOCUMENTATION_COMMENTS = YES;
				CLANG_WARN_EMPTY_BODY = YES;
				CLANG_WARN_ENUM_CONVERSION = YES;
				CLANG_WARN_INFINITE_RECURSION = YES;
				CLANG_WARN_INT_CONVERSION = YES;
				CLANG_WARN_NON_LITERAL_NULL_CONVERSION = YES;
				CLANG_WARN_OBJC_IMPLICIT_RETAIN_SELF = YES;
				CLANG_WARN_OBJC_LITERAL_CONVERSION = YES;
				CLANG_WARN_OBJC_ROOT_CLASS = YES_ERROR;
				CLANG_WARN_QUOTED_INCLUDE_IN_FRAMEWORK_HEADER = YES;
				CLANG_WARN_RANGE_LOOP_ANALYSIS = YES;
				CLANG_WARN_STRICT_PROTOTYPES = YES;
				CLANG_WARN_SUSPICIOUS_MOVE = YES;
				CLANG_WARN_UNGUARDED_AVAILABILITY = YES_AGGRESSIVE;
				CLANG_WARN_UNREACHABLE_CODE = YES;
				CLANG_WARN__DUPLICATE_METHOD_MATCH = YES;
				COPY_PHASE_STRIP = NO;
				DEBUG_INFORMATION_FORMAT = "dwarf-with-dsym";
				ENABLE_NS_ASSERTIONS = NO;
				ENABLE_STRICT_OBJC_MSGSEND = YES;
				GCC_C_LANGUAGE_STANDARD = gnu11;
				GCC_NO_COMMON_BLOCKS = YES;
				GCC_WARN_64_TO_32_BIT_CONVERSION = YES;
				GCC_WARN_ABOUT_RETURN_TYPE = YES_ERROR;
				GCC_WARN_UNDECLARED_SELECTOR = YES;
				GCC_WARN_UNINITIALIZED_AUTOS = YES_AGGRESSIVE;
				GCC_WARN_UNUSED_FUNCTION = YES;
				GCC_WARN_UNUSED_VARIABLE = YES;
				IPHONEOS_DEPLOYMENT_TARGET = 15.0;
				MTL_ENABLE_DEBUG_INFO = NO;
				MTL_FAST_MATH = YES;
				SDKROOT = iphoneos;
				SWIFT_COMPILATION_MODE = wholemodule;
				SWIFT_OPTIMIZATION_LEVEL = "-O";
				VALIDATE_PRODUCT = YES;
			};
			name = Release;
		};
		92C733E42750038400A566D1 /* Debug */ = {
			isa = XCBuildConfiguration;
			buildSettings = {
				ASSETCATALOG_COMPILER_APPICON_NAME = AppIcon;
				ASSETCATALOG_COMPILER_GLOBAL_ACCENT_COLOR_NAME = AccentColor;
				CODE_SIGN_STYLE = Automatic;
				CURRENT_PROJECT_VERSION = 1;
				DEVELOPMENT_TEAM = B9UD5PWR3N;
				GENERATE_INFOPLIST_FILE = YES;
				INFOPLIST_FILE = "Human Body Composition/App/Info.plist";
				INFOPLIST_KEY_UIApplicationSupportsIndirectInputEvents = YES;
				INFOPLIST_KEY_UILaunchStoryboardName = LaunchScreen;
				INFOPLIST_KEY_UISupportedInterfaceOrientations_iPad = "UIInterfaceOrientationPortrait UIInterfaceOrientationPortraitUpsideDown UIInterfaceOrientationLandscapeLeft UIInterfaceOrientationLandscapeRight";
				INFOPLIST_KEY_UISupportedInterfaceOrientations_iPhone = "UIInterfaceOrientationPortrait UIInterfaceOrientationLandscapeLeft UIInterfaceOrientationLandscapeRight";
				LD_RUNPATH_SEARCH_PATHS = (
					"$(inherited)",
					"@executable_path/Frameworks",
				);
				MARKETING_VERSION = 1.0;
				PRODUCT_BUNDLE_IDENTIFIER = "ru.fsbisan.Human-Body-Composition";
				PRODUCT_NAME = "$(TARGET_NAME)";
				SWIFT_EMIT_LOC_STRINGS = YES;
				SWIFT_VERSION = 5.0;
				TARGETED_DEVICE_FAMILY = "1,2";
			};
			name = Debug;
		};
		92C733E52750038400A566D1 /* Release */ = {
			isa = XCBuildConfiguration;
			buildSettings = {
				ASSETCATALOG_COMPILER_APPICON_NAME = AppIcon;
				ASSETCATALOG_COMPILER_GLOBAL_ACCENT_COLOR_NAME = AccentColor;
				CODE_SIGN_STYLE = Automatic;
				CURRENT_PROJECT_VERSION = 1;
				DEVELOPMENT_TEAM = B9UD5PWR3N;
				GENERATE_INFOPLIST_FILE = YES;
				INFOPLIST_FILE = "Human Body Composition/App/Info.plist";
				INFOPLIST_KEY_UIApplicationSupportsIndirectInputEvents = YES;
				INFOPLIST_KEY_UILaunchStoryboardName = LaunchScreen;
				INFOPLIST_KEY_UISupportedInterfaceOrientations_iPad = "UIInterfaceOrientationPortrait UIInterfaceOrientationPortraitUpsideDown UIInterfaceOrientationLandscapeLeft UIInterfaceOrientationLandscapeRight";
				INFOPLIST_KEY_UISupportedInterfaceOrientations_iPhone = "UIInterfaceOrientationPortrait UIInterfaceOrientationLandscapeLeft UIInterfaceOrientationLandscapeRight";
				LD_RUNPATH_SEARCH_PATHS = (
					"$(inherited)",
					"@executable_path/Frameworks",
				);
				MARKETING_VERSION = 1.0;
				PRODUCT_BUNDLE_IDENTIFIER = "ru.fsbisan.Human-Body-Composition";
				PRODUCT_NAME = "$(TARGET_NAME)";
				SWIFT_EMIT_LOC_STRINGS = YES;
				SWIFT_VERSION = 5.0;
				TARGETED_DEVICE_FAMILY = "1,2";
			};
			name = Release;
		};
/* End XCBuildConfiguration section */

/* Begin XCConfigurationList section */
		92C733C72750038100A566D1 /* Build configuration list for PBXProject "Human Body Composition" */ = {
			isa = XCConfigurationList;
			buildConfigurations = (
				92C733E12750038400A566D1 /* Debug */,
				92C733E22750038400A566D1 /* Release */,
			);
			defaultConfigurationIsVisible = 0;
			defaultConfigurationName = Release;
		};
		92C733E32750038400A566D1 /* Build configuration list for PBXNativeTarget "Human Body Composition" */ = {
			isa = XCConfigurationList;
			buildConfigurations = (
				92C733E42750038400A566D1 /* Debug */,
				92C733E52750038400A566D1 /* Release */,
			);
			defaultConfigurationIsVisible = 0;
			defaultConfigurationName = Release;
		};
/* End XCConfigurationList section */

/* Begin XCVersionGroup section */
		92C733D82750038100A566D1 /* Human_Body_Composition.xcdatamodeld */ = {
			isa = XCVersionGroup;
			children = (
				92C733D92750038100A566D1 /* Human_Body_Composition.xcdatamodel */,
			);
			currentVersion = 92C733D92750038100A566D1 /* Human_Body_Composition.xcdatamodel */;
			path = Human_Body_Composition.xcdatamodeld;
			sourceTree = "<group>";
			versionGroupType = wrapper.xcdatamodel;
		};
/* End XCVersionGroup section */
	};
	rootObject = 92C733C42750038100A566D1 /* Project object */;
}
